
Microsoft Visual Studio Solution File, Format Version 12.00
# Visual Studio 15
VisualStudioVersion = 15.0.28010.2041
MinimumVisualStudioVersion = 10.0.40219.1
Project("{2150E333-8FDC-42A3-9474-1A3956D46DE8}") = "Services", "Services", "{E938EA14-2EF5-4FAE-871F-BAB78978E80A}"
EndProject
Project("{2150E333-8FDC-42A3-9474-1A3956D46DE8}") = "Tests", "Tests", "{E38259CF-D522-4D61-BA4B-C87C165040EE}"
EndProject
Project("{2150E333-8FDC-42A3-9474-1A3956D46DE8}") = "FrontEnd", "FrontEnd", "{6243B62B-1AAF-4F3A-9DFE-99D1F26014E8}"
EndProject
Project("{2150E333-8FDC-42A3-9474-1A3956D46DE8}") = "BackEnd", "BackEnd", "{80F1C987-190F-43F2-BB06-BC5D654EC764}"
EndProject
Project("{2150E333-8FDC-42A3-9474-1A3956D46DE8}") = "Endpoints", "Endpoints", "{656A262E-42A7-44AA-929D-F3E2902C0285}"
EndProject
Project("{2150E333-8FDC-42A3-9474-1A3956D46DE8}") = "REST", "REST", "{4945719A-D025-4199-8D32-8AD344FEA4C0}"
EndProject
Project("{2150E333-8FDC-42A3-9474-1A3956D46DE8}") = "Web", "Web", "{F9E76BD3-3A78-4F50-A5DC-E4207E415627}"
EndProject
Project("{9A19103F-16F7-4668-BE54-9A1E7A4F7556}") = "DomainModel", "BackEnd\DomainModel\DomainModel.csproj", "{2CF4354B-F913-4D82-AC11-44AA2EF9C598}"
EndProject
Project("{9A19103F-16F7-4668-BE54-9A1E7A4F7556}") = "ServiceModel", "BackEnd\Services\ServiceModel\ServiceModel.csproj", "{5208D10C-B535-48B6-A647-36057F4719F8}"
EndProject
Project("{9A19103F-16F7-4668-BE54-9A1E7A4F7556}") = "WebApi", "BackEnd\Services\EndPoints\REST\WebApi\WebApi.csproj", "{C086F6D6-C91D-4316-B891-533415B36ABF}"
EndProject
Project("{2150E333-8FDC-42A3-9474-1A3956D46DE8}") = "Infrastructure", "Infrastructure", "{3E974C64-D43E-42D7-B423-8977B3782C36}"
EndProject
Project("{2150E333-8FDC-42A3-9474-1A3956D46DE8}") = "Services", "Services", "{9E9A3A54-221A-4326-B63C-207C0E0DC20A}"
EndProject
Project("{2150E333-8FDC-42A3-9474-1A3956D46DE8}") = "Repository", "Repository", "{751D29E5-0FE0-4E70-9DF5-28A6FD7BC7A8}"
EndProject
Project("{9A19103F-16F7-4668-BE54-9A1E7A4F7556}") = "RepositoryModel", "BackEnd\Services\Infrastructure\Repository\RepositoryModel\RepositoryModel.csproj", "{D71C6396-E033-4BB5-A74C-FDA3AC6EA43F}"
EndProject
Project("{9A19103F-16F7-4668-BE54-9A1E7A4F7556}") = "CurrencyConverterService", "BackEnd\Services\Infrastructure\Services\CurrencyConverterService\CurrencyConverterService.csproj", "{2ED58DAA-BF9F-45D5-A7D3-D728FB041020}"
EndProject
Project("{9A19103F-16F7-4668-BE54-9A1E7A4F7556}") = "CurrencyLayerService", "BackEnd\Services\Infrastructure\Services\CurrencyLayer\CurrencyLayerService.csproj", "{92E959A9-1013-45D0-A9B5-98BB778BF26A}"
EndProject
Project("{9A19103F-16F7-4668-BE54-9A1E7A4F7556}") = "XUnitTests", "BackEnd\Services\Tests\XUnitTests\XUnitTests.csproj", "{CEEC43E4-2BED-46E1-BE1E-18E3DA9CC400}"
EndProject
Project("{9A19103F-16F7-4668-BE54-9A1E7A4F7556}") = "React", "FrontEnd\Web\React\React.csproj", "{DD80B949-4907-4915-90CE-75FEC80F85E5}"
EndProject
Project("{2150E333-8FDC-42A3-9474-1A3956D46DE8}") = "Solution Items", "Solution Items", "{DEB2290F-9008-4802-A3F9-EAF9DAF4F8D7}"
	ProjectSection(SolutionItems) = preProject
		BackEnd\Currency.postman_collection.json = BackEnd\Currency.postman_collection.json
		BackEnd\CurrencyLayerApi.postman_collection.json = BackEnd\CurrencyLayerApi.postman_collection.json
	EndProjectSection
EndProject
Global
	GlobalSection(SolutionConfigurationPlatforms) = preSolution
		Debug|Any CPU = Debug|Any CPU
		Release|Any CPU = Release|Any CPU
	EndGlobalSection
	GlobalSection(ProjectConfigurationPlatforms) = postSolution
		{2CF4354B-F913-4D82-AC11-44AA2EF9C598}.Debug|Any CPU.ActiveCfg = Debug|Any CPU
		{2CF4354B-F913-4D82-AC11-44AA2EF9C598}.Debug|Any CPU.Build.0 = Debug|Any CPU
		{2CF4354B-F913-4D82-AC11-44AA2EF9C598}.Release|Any CPU.ActiveCfg = Release|Any CPU
		{2CF4354B-F913-4D82-AC11-44AA2EF9C598}.Release|Any CPU.Build.0 = Release|Any CPU
		{5208D10C-B535-48B6-A647-36057F4719F8}.Debug|Any CPU.ActiveCfg = Debug|Any CPU
		{5208D10C-B535-48B6-A647-36057F4719F8}.Debug|Any CPU.Build.0 = Debug|Any CPU
		{5208D10C-B535-48B6-A647-36057F4719F8}.Release|Any CPU.ActiveCfg = Release|Any CPU
		{5208D10C-B535-48B6-A647-36057F4719F8}.Release|Any CPU.Build.0 = Release|Any CPU
		{C086F6D6-C91D-4316-B891-533415B36ABF}.Debug|Any CPU.ActiveCfg = Debug|Any CPU
		{C086F6D6-C91D-4316-B891-533415B36ABF}.Debug|Any CPU.Build.0 = Debug|Any CPU
		{C086F6D6-C91D-4316-B891-533415B36ABF}.Release|Any CPU.ActiveCfg = Release|Any CPU
		{C086F6D6-C91D-4316-B891-533415B36ABF}.Release|Any CPU.Build.0 = Release|Any CPU
		{D71C6396-E033-4BB5-A74C-FDA3AC6EA43F}.Debug|Any CPU.ActiveCfg = Debug|Any CPU
		{D71C6396-E033-4BB5-A74C-FDA3AC6EA43F}.Debug|Any CPU.Build.0 = Debug|Any CPU
		{D71C6396-E033-4BB5-A74C-FDA3AC6EA43F}.Release|Any CPU.ActiveCfg = Release|Any CPU
		{D71C6396-E033-4BB5-A74C-FDA3AC6EA43F}.Release|Any CPU.Build.0 = Release|Any CPU
		{2ED58DAA-BF9F-45D5-A7D3-D728FB041020}.Debug|Any CPU.ActiveCfg = Debug|Any CPU
		{2ED58DAA-BF9F-45D5-A7D3-D728FB041020}.Debug|Any CPU.Build.0 = Debug|Any CPU
		{2ED58DAA-BF9F-45D5-A7D3-D728FB041020}.Release|Any CPU.ActiveCfg = Release|Any CPU
		{2ED58DAA-BF9F-45D5-A7D3-D728FB041020}.Release|Any CPU.Build.0 = Release|Any CPU
		{92E959A9-1013-45D0-A9B5-98BB778BF26A}.Debug|Any CPU.ActiveCfg = Debug|Any CPU
		{92E959A9-1013-45D0-A9B5-98BB778BF26A}.Debug|Any CPU.Build.0 = Debug|Any CPU
		{92E959A9-1013-45D0-A9B5-98BB778BF26A}.Release|Any CPU.ActiveCfg = Release|Any CPU
		{92E959A9-1013-45D0-A9B5-98BB778BF26A}.Release|Any CPU.Build.0 = Release|Any CPU
		{CEEC43E4-2BED-46E1-BE1E-18E3DA9CC400}.Debug|Any CPU.ActiveCfg = Debug|Any CPU
		{CEEC43E4-2BED-46E1-BE1E-18E3DA9CC400}.Debug|Any CPU.Build.0 = Debug|Any CPU
		{CEEC43E4-2BED-46E1-BE1E-18E3DA9CC400}.Release|Any CPU.ActiveCfg = Release|Any CPU
		{CEEC43E4-2BED-46E1-BE1E-18E3DA9CC400}.Release|Any CPU.Build.0 = Release|Any CPU
		{DD80B949-4907-4915-90CE-75FEC80F85E5}.Debug|Any CPU.ActiveCfg = Debug|Any CPU
		{DD80B949-4907-4915-90CE-75FEC80F85E5}.Debug|Any CPU.Build.0 = Debug|Any CPU
		{DD80B949-4907-4915-90CE-75FEC80F85E5}.Release|Any CPU.ActiveCfg = Release|Any CPU
		{DD80B949-4907-4915-90CE-75FEC80F85E5}.Release|Any CPU.Build.0 = Release|Any CPU
	EndGlobalSection
	GlobalSection(SolutionProperties) = preSolution
		HideSolutionNode = FALSE
	EndGlobalSection
	GlobalSection(NestedProjects) = preSolution
		{E938EA14-2EF5-4FAE-871F-BAB78978E80A} = {80F1C987-190F-43F2-BB06-BC5D654EC764}
		{E38259CF-D522-4D61-BA4B-C87C165040EE} = {E938EA14-2EF5-4FAE-871F-BAB78978E80A}
		{656A262E-42A7-44AA-929D-F3E2902C0285} = {E938EA14-2EF5-4FAE-871F-BAB78978E80A}
		{4945719A-D025-4199-8D32-8AD344FEA4C0} = {656A262E-42A7-44AA-929D-F3E2902C0285}
		{F9E76BD3-3A78-4F50-A5DC-E4207E415627} = {6243B62B-1AAF-4F3A-9DFE-99D1F26014E8}
		{2CF4354B-F913-4D82-AC11-44AA2EF9C598} = {80F1C987-190F-43F2-BB06-BC5D654EC764}
		{5208D10C-B535-48B6-A647-36057F4719F8} = {E938EA14-2EF5-4FAE-871F-BAB78978E80A}
		{C086F6D6-C91D-4316-B891-533415B36ABF} = {4945719A-D025-4199-8D32-8AD344FEA4C0}
		{3E974C64-D43E-42D7-B423-8977B3782C36} = {E938EA14-2EF5-4FAE-871F-BAB78978E80A}
		{9E9A3A54-221A-4326-B63C-207C0E0DC20A} = {3E974C64-D43E-42D7-B423-8977B3782C36}
		{751D29E5-0FE0-4E70-9DF5-28A6FD7BC7A8} = {3E974C64-D43E-42D7-B423-8977B3782C36}
		{D71C6396-E033-4BB5-A74C-FDA3AC6EA43F} = {751D29E5-0FE0-4E70-9DF5-28A6FD7BC7A8}
		{2ED58DAA-BF9F-45D5-A7D3-D728FB041020} = {9E9A3A54-221A-4326-B63C-207C0E0DC20A}
		{92E959A9-1013-45D0-A9B5-98BB778BF26A} = {9E9A3A54-221A-4326-B63C-207C0E0DC20A}
		{CEEC43E4-2BED-46E1-BE1E-18E3DA9CC400} = {E38259CF-D522-4D61-BA4B-C87C165040EE}
		{DD80B949-4907-4915-90CE-75FEC80F85E5} = {F9E76BD3-3A78-4F50-A5DC-E4207E415627}
	EndGlobalSection
	GlobalSection(ExtensibilityGlobals) = postSolution
		SolutionGuid = {D188A0E1-37A0-4729-8520-10AA77F9FC10}
	EndGlobalSection
EndGlobal
